
Microsoft Visual Studio Solution File, Format Version 12.00
# Visual Studio 14
VisualStudioVersion = 14.0.25420.1
MinimumVisualStudioVersion = 10.0.40219.1
Project("{FAE04EC0-301F-11D3-BF4B-00C04F79EFBC}") = "SharpJet", "SharpJet\SharpJet.csproj", "{8E017E78-E6ED-4E30-8B5D-1BDBE2A7CBE8}"
EndProject
Project("{FAE04EC0-301F-11D3-BF4B-00C04F79EFBC}") = "JetState", "Examples\JetState\JetState.csproj", "{CD71435F-F489-457E-9516-553D4BB07E93}"
EndProject
Project("{FAE04EC0-301F-11D3-BF4B-00C04F79EFBC}") = "SharpJetTests", "SharpJetTests\SharpJetTests.csproj", "{0663060B-C81B-4FAC-9825-6028F9CBECBC}"
EndProject
Project("{2150E333-8FDC-42A3-9474-1A3956D46DE8}") = "Examples", "Examples", "{1EB44F50-6115-4250-8FC1-9ECFFA502A7D}"
EndProject
Project("{FAE04EC0-301F-11D3-BF4B-00C04F79EFBC}") = "JetFetch", "Examples\JetFetch\JetFetch.csproj", "{1810A7B1-7C30-40DA-B300-530FBA4A375F}"
EndProject
Project("{FAE04EC0-301F-11D3-BF4B-00C04F79EFBC}") = "JetMethod", "Examples\JetMethod\JetMethod.csproj", "{9F462B97-C8D4-41AD-ABEF-E91FF953414E}"
EndProject
Project("{2150E333-8FDC-42A3-9474-1A3956D46DE8}") = "scripts", "scripts", "{61E84DA9-5176-451E-850B-8B13D202C473}"
	ProjectSection(SolutionItems) = preProject
		scripts\version.ps1 = scripts\version.ps1
	EndProjectSection
EndProject
Project("{2150E333-8FDC-42A3-9474-1A3956D46DE8}") = "Solution Items", "Solution Items", "{06348FE6-CD01-42C2-A702-4F2102C8B350}"
	ProjectSection(SolutionItems) = preProject
		AssemblyInfo.template = AssemblyInfo.template
	EndProjectSection
EndProject
Project("{FAE04EC0-301F-11D3-BF4B-00C04F79EFBC}") = "JetSet", "Examples\JetSet\JetSet.csproj", "{E25D1777-1CC1-4406-A6BD-C69F2D0C9DBB}"
EndProject
Project("{FAE04EC0-301F-11D3-BF4B-00C04F79EFBC}") = "JetPasswd", "Examples\JetPasswd\JetPasswd.csproj", "{E35D2AD9-95B6-434B-9B2C-751D8EE37A32}"
	ProjectSection(ProjectDependencies) = postProject
		{CD71435F-F489-457E-9516-553D4BB07E93} = {CD71435F-F489-457E-9516-553D4BB07E93}
	EndProjectSection
EndProject
Project("{FAE04EC0-301F-11D3-BF4B-00C04F79EFBC}") = "SharpJet_net40", "SharpJet_net40\SharpJet_net40.csproj", "{3001DE4F-824E-4695-B207-98A286F73DC9}"
EndProject
Global
	GlobalSection(SolutionConfigurationPlatforms) = preSolution
		Debug|Any CPU = Debug|Any CPU
		Release|Any CPU = Release|Any CPU
	EndGlobalSection
	GlobalSection(ProjectConfigurationPlatforms) = postSolution
		{8E017E78-E6ED-4E30-8B5D-1BDBE2A7CBE8}.Debug|Any CPU.ActiveCfg = Debug|Any CPU
		{8E017E78-E6ED-4E30-8B5D-1BDBE2A7CBE8}.Debug|Any CPU.Build.0 = Debug|Any CPU
		{8E017E78-E6ED-4E30-8B5D-1BDBE2A7CBE8}.Release|Any CPU.ActiveCfg = Release|Any CPU
		{8E017E78-E6ED-4E30-8B5D-1BDBE2A7CBE8}.Release|Any CPU.Build.0 = Release|Any CPU
		{CD71435F-F489-457E-9516-553D4BB07E93}.Debug|Any CPU.ActiveCfg = Debug|Any CPU
		{CD71435F-F489-457E-9516-553D4BB07E93}.Debug|Any CPU.Build.0 = Debug|Any CPU
		{CD71435F-F489-457E-9516-553D4BB07E93}.Release|Any CPU.ActiveCfg = Release|Any CPU
		{CD71435F-F489-457E-9516-553D4BB07E93}.Release|Any CPU.Build.0 = Release|Any CPU
		{0663060B-C81B-4FAC-9825-6028F9CBECBC}.Debug|Any CPU.ActiveCfg = Debug|Any CPU
		{0663060B-C81B-4FAC-9825-6028F9CBECBC}.Debug|Any CPU.Build.0 = Debug|Any CPU
		{0663060B-C81B-4FAC-9825-6028F9CBECBC}.Release|Any CPU.ActiveCfg = Release|Any CPU
		{0663060B-C81B-4FAC-9825-6028F9CBECBC}.Release|Any CPU.Build.0 = Release|Any CPU
		{1810A7B1-7C30-40DA-B300-530FBA4A375F}.Debug|Any CPU.ActiveCfg = Debug|Any CPU
		{1810A7B1-7C30-40DA-B300-530FBA4A375F}.Debug|Any CPU.Build.0 = Debug|Any CPU
		{1810A7B1-7C30-40DA-B300-530FBA4A375F}.Release|Any CPU.ActiveCfg = Release|Any CPU
		{1810A7B1-7C30-40DA-B300-530FBA4A375F}.Release|Any CPU.Build.0 = Release|Any CPU
		{9F462B97-C8D4-41AD-ABEF-E91FF953414E}.Debug|Any CPU.ActiveCfg = Debug|Any CPU
		{9F462B97-C8D4-41AD-ABEF-E91FF953414E}.Debug|Any CPU.Build.0 = Debug|Any CPU
		{9F462B97-C8D4-41AD-ABEF-E91FF953414E}.Release|Any CPU.ActiveCfg = Release|Any CPU
		{9F462B97-C8D4-41AD-ABEF-E91FF953414E}.Release|Any CPU.Build.0 = Release|Any CPU
		{E25D1777-1CC1-4406-A6BD-C69F2D0C9DBB}.Debug|Any CPU.ActiveCfg = Debug|Any CPU
		{E25D1777-1CC1-4406-A6BD-C69F2D0C9DBB}.Debug|Any CPU.Build.0 = Debug|Any CPU
		{E25D1777-1CC1-4406-A6BD-C69F2D0C9DBB}.Release|Any CPU.ActiveCfg = Release|Any CPU
		{E25D1777-1CC1-4406-A6BD-C69F2D0C9DBB}.Release|Any CPU.Build.0 = Release|Any CPU
		{E35D2AD9-95B6-434B-9B2C-751D8EE37A32}.Debug|Any CPU.ActiveCfg = Debug|Any CPU
		{E35D2AD9-95B6-434B-9B2C-751D8EE37A32}.Debug|Any CPU.Build.0 = Debug|Any CPU
		{E35D2AD9-95B6-434B-9B2C-751D8EE37A32}.Release|Any CPU.ActiveCfg = Release|Any CPU
		{E35D2AD9-95B6-434B-9B2C-751D8EE37A32}.Release|Any CPU.Build.0 = Release|Any CPU
		{3001DE4F-824E-4695-B207-98A286F73DC9}.Debug|Any CPU.ActiveCfg = Debug|Any CPU
		{3001DE4F-824E-4695-B207-98A286F73DC9}.Debug|Any CPU.Build.0 = Debug|Any CPU
		{3001DE4F-824E-4695-B207-98A286F73DC9}.Release|Any CPU.ActiveCfg = Release|Any CPU
		{3001DE4F-824E-4695-B207-98A286F73DC9}.Release|Any CPU.Build.0 = Release|Any CPU
	EndGlobalSection
	GlobalSection(SolutionProperties) = preSolution
		HideSolutionNode = FALSE
	EndGlobalSection
	GlobalSection(NestedProjects) = preSolution
		{CD71435F-F489-457E-9516-553D4BB07E93} = {1EB44F50-6115-4250-8FC1-9ECFFA502A7D}
		{1810A7B1-7C30-40DA-B300-530FBA4A375F} = {1EB44F50-6115-4250-8FC1-9ECFFA502A7D}
		{9F462B97-C8D4-41AD-ABEF-E91FF953414E} = {1EB44F50-6115-4250-8FC1-9ECFFA502A7D}
		{E25D1777-1CC1-4406-A6BD-C69F2D0C9DBB} = {1EB44F50-6115-4250-8FC1-9ECFFA502A7D}
		{E35D2AD9-95B6-434B-9B2C-751D8EE37A32} = {1EB44F50-6115-4250-8FC1-9ECFFA502A7D}
	EndGlobalSection
EndGlobal
