
Microsoft Visual Studio Solution File, Format Version 12.00
# Visual Studio 14
VisualStudioVersion = 14.0.25420.1
MinimumVisualStudioVersion = 10.0.40219.1
Project("{FAE04EC0-301F-11D3-BF4B-00C04F79EFBC}") = "SharpJet", "SharpJet\SharpJet.csproj", "{8E017E78-E6ED-4E30-8B5D-1BDBE2A7CBE8}"
EndProject
Project("{FAE04EC0-301F-11D3-BF4B-00C04F79EFBC}") = "JetState", "Examples\SharpJetExamples\JetState.csproj", "{CD71435F-F489-457E-9516-553D4BB07E93}"
EndProject
Project("{FAE04EC0-301F-11D3-BF4B-00C04F79EFBC}") = "SharpJetTests", "SharpJetTests\SharpJetTests.csproj", "{0663060B-C81B-4FAC-9825-6028F9CBECBC}"
EndProject
Project("{2150E333-8FDC-42A3-9474-1A3956D46DE8}") = "Examples", "Examples", "{1EB44F50-6115-4250-8FC1-9ECFFA502A7D}"
EndProject
Project("{FAE04EC0-301F-11D3-BF4B-00C04F79EFBC}") = "JetFetch", "Examples\JetFetch\JetFetch.csproj", "{1810A7B1-7C30-40DA-B300-530FBA4A375F}"
EndProject
Global
	GlobalSection(SolutionConfigurationPlatforms) = preSolution
		Debug|Any CPU = Debug|Any CPU
		Release|Any CPU = Release|Any CPU
	EndGlobalSection
	GlobalSection(ProjectConfigurationPlatforms) = postSolution
		{8E017E78-E6ED-4E30-8B5D-1BDBE2A7CBE8}.Debug|Any CPU.ActiveCfg = Debug|Any CPU
		{8E017E78-E6ED-4E30-8B5D-1BDBE2A7CBE8}.Debug|Any CPU.Build.0 = Debug|Any CPU
		{8E017E78-E6ED-4E30-8B5D-1BDBE2A7CBE8}.Release|Any CPU.ActiveCfg = Release|Any CPU
		{8E017E78-E6ED-4E30-8B5D-1BDBE2A7CBE8}.Release|Any CPU.Build.0 = Release|Any CPU
		{CD71435F-F489-457E-9516-553D4BB07E93}.Debug|Any CPU.ActiveCfg = Debug|Any CPU
		{CD71435F-F489-457E-9516-553D4BB07E93}.Debug|Any CPU.Build.0 = Debug|Any CPU
		{CD71435F-F489-457E-9516-553D4BB07E93}.Release|Any CPU.ActiveCfg = Release|Any CPU
		{CD71435F-F489-457E-9516-553D4BB07E93}.Release|Any CPU.Build.0 = Release|Any CPU
		{0663060B-C81B-4FAC-9825-6028F9CBECBC}.Debug|Any CPU.ActiveCfg = Debug|Any CPU
		{0663060B-C81B-4FAC-9825-6028F9CBECBC}.Debug|Any CPU.Build.0 = Debug|Any CPU
		{0663060B-C81B-4FAC-9825-6028F9CBECBC}.Release|Any CPU.ActiveCfg = Release|Any CPU
		{0663060B-C81B-4FAC-9825-6028F9CBECBC}.Release|Any CPU.Build.0 = Release|Any CPU
		{1810A7B1-7C30-40DA-B300-530FBA4A375F}.Debug|Any CPU.ActiveCfg = Debug|Any CPU
		{1810A7B1-7C30-40DA-B300-530FBA4A375F}.Debug|Any CPU.Build.0 = Debug|Any CPU
		{1810A7B1-7C30-40DA-B300-530FBA4A375F}.Release|Any CPU.ActiveCfg = Release|Any CPU
		{1810A7B1-7C30-40DA-B300-530FBA4A375F}.Release|Any CPU.Build.0 = Release|Any CPU
	EndGlobalSection
	GlobalSection(SolutionProperties) = preSolution
		HideSolutionNode = FALSE
	EndGlobalSection
	GlobalSection(NestedProjects) = preSolution
		{CD71435F-F489-457E-9516-553D4BB07E93} = {1EB44F50-6115-4250-8FC1-9ECFFA502A7D}
		{1810A7B1-7C30-40DA-B300-530FBA4A375F} = {1EB44F50-6115-4250-8FC1-9ECFFA502A7D}
	EndGlobalSection
EndGlobal
